
Microsoft Visual Studio Solution File, Format Version 12.00
# Visual Studio Version 16
VisualStudioVersion = 16.0.30804.86
MinimumVisualStudioVersion = 10.0.40219.1
Project("{FAE04EC0-301F-11D3-BF4B-00C04F79EFBC}") = "Exemplo1.UWP", "Exemplo1\Exemplo1.UWP\Exemplo1.UWP.csproj", "{F93489B2-F054-4FD1-86E2-4DD7CB883618}"
EndProject
Project("{FAE04EC0-301F-11D3-BF4B-00C04F79EFBC}") = "Exemplo1.Android", "Exemplo1\Exemplo1.Android\Exemplo1.Android.csproj", "{77BE0A83-2418-4300-8AE0-CE9613A101AB}"
EndProject
Project("{FAE04EC0-301F-11D3-BF4B-00C04F79EFBC}") = "Exemplo1.iOS", "Exemplo1\Exemplo1.iOS\Exemplo1.iOS.csproj", "{8F3BB4E5-5961-4427-80C6-98B7D75EB77A}"
EndProject
Project("{FAE04EC0-301F-11D3-BF4B-00C04F79EFBC}") = "Exemplo1", "Exemplo1\Exemplo1\Exemplo1.csproj", "{628D7BBE-7A21-4193-97A5-F7A874C84499}"
EndProject
Global
	GlobalSection(SolutionConfigurationPlatforms) = preSolution
		Debug|Any CPU = Debug|Any CPU
		Debug|ARM = Debug|ARM
		Debug|iPhone = Debug|iPhone
		Debug|iPhoneSimulator = Debug|iPhoneSimulator
		Debug|x64 = Debug|x64
		Debug|x86 = Debug|x86
		Release|Any CPU = Release|Any CPU
		Release|ARM = Release|ARM
		Release|iPhone = Release|iPhone
		Release|iPhoneSimulator = Release|iPhoneSimulator
		Release|x64 = Release|x64
		Release|x86 = Release|x86
	EndGlobalSection
	GlobalSection(ProjectConfigurationPlatforms) = postSolution
		{F93489B2-F054-4FD1-86E2-4DD7CB883618}.Debug|Any CPU.ActiveCfg = Debug|x86
		{F93489B2-F054-4FD1-86E2-4DD7CB883618}.Debug|Any CPU.Build.0 = Debug|x86
		{F93489B2-F054-4FD1-86E2-4DD7CB883618}.Debug|Any CPU.Deploy.0 = Debug|x86
		{F93489B2-F054-4FD1-86E2-4DD7CB883618}.Debug|ARM.ActiveCfg = Debug|ARM
		{F93489B2-F054-4FD1-86E2-4DD7CB883618}.Debug|ARM.Build.0 = Debug|ARM
		{F93489B2-F054-4FD1-86E2-4DD7CB883618}.Debug|ARM.Deploy.0 = Debug|ARM
		{F93489B2-F054-4FD1-86E2-4DD7CB883618}.Debug|iPhone.ActiveCfg = Debug|x86
		{F93489B2-F054-4FD1-86E2-4DD7CB883618}.Debug|iPhone.Build.0 = Debug|x86
		{F93489B2-F054-4FD1-86E2-4DD7CB883618}.Debug|iPhone.Deploy.0 = Debug|x86
		{F93489B2-F054-4FD1-86E2-4DD7CB883618}.Debug|iPhoneSimulator.ActiveCfg = Debug|x86
		{F93489B2-F054-4FD1-86E2-4DD7CB883618}.Debug|iPhoneSimulator.Build.0 = Debug|x86
		{F93489B2-F054-4FD1-86E2-4DD7CB883618}.Debug|iPhoneSimulator.Deploy.0 = Debug|x86
		{F93489B2-F054-4FD1-86E2-4DD7CB883618}.Debug|x64.ActiveCfg = Debug|x64
		{F93489B2-F054-4FD1-86E2-4DD7CB883618}.Debug|x64.Build.0 = Debug|x64
		{F93489B2-F054-4FD1-86E2-4DD7CB883618}.Debug|x64.Deploy.0 = Debug|x64
		{F93489B2-F054-4FD1-86E2-4DD7CB883618}.Debug|x86.ActiveCfg = Debug|x86
		{F93489B2-F054-4FD1-86E2-4DD7CB883618}.Debug|x86.Build.0 = Debug|x86
		{F93489B2-F054-4FD1-86E2-4DD7CB883618}.Debug|x86.Deploy.0 = Debug|x86
		{F93489B2-F054-4FD1-86E2-4DD7CB883618}.Release|Any CPU.ActiveCfg = Release|x86
		{F93489B2-F054-4FD1-86E2-4DD7CB883618}.Release|Any CPU.Build.0 = Release|x86
		{F93489B2-F054-4FD1-86E2-4DD7CB883618}.Release|Any CPU.Deploy.0 = Release|x86
		{F93489B2-F054-4FD1-86E2-4DD7CB883618}.Release|ARM.ActiveCfg = Release|ARM
		{F93489B2-F054-4FD1-86E2-4DD7CB883618}.Release|ARM.Build.0 = Release|ARM
		{F93489B2-F054-4FD1-86E2-4DD7CB883618}.Release|ARM.Deploy.0 = Release|ARM
		{F93489B2-F054-4FD1-86E2-4DD7CB883618}.Release|iPhone.ActiveCfg = Release|x86
		{F93489B2-F054-4FD1-86E2-4DD7CB883618}.Release|iPhone.Build.0 = Release|x86
		{F93489B2-F054-4FD1-86E2-4DD7CB883618}.Release|iPhone.Deploy.0 = Release|x86
		{F93489B2-F054-4FD1-86E2-4DD7CB883618}.Release|iPhoneSimulator.ActiveCfg = Release|x86
		{F93489B2-F054-4FD1-86E2-4DD7CB883618}.Release|iPhoneSimulator.Build.0 = Release|x86
		{F93489B2-F054-4FD1-86E2-4DD7CB883618}.Release|iPhoneSimulator.Deploy.0 = Release|x86
		{F93489B2-F054-4FD1-86E2-4DD7CB883618}.Release|x64.ActiveCfg = Release|x64
		{F93489B2-F054-4FD1-86E2-4DD7CB883618}.Release|x64.Build.0 = Release|x64
		{F93489B2-F054-4FD1-86E2-4DD7CB883618}.Release|x64.Deploy.0 = Release|x64
		{F93489B2-F054-4FD1-86E2-4DD7CB883618}.Release|x86.ActiveCfg = Release|x86
		{F93489B2-F054-4FD1-86E2-4DD7CB883618}.Release|x86.Build.0 = Release|x86
		{F93489B2-F054-4FD1-86E2-4DD7CB883618}.Release|x86.Deploy.0 = Release|x86
		{77BE0A83-2418-4300-8AE0-CE9613A101AB}.Debug|Any CPU.ActiveCfg = Debug|Any CPU
		{77BE0A83-2418-4300-8AE0-CE9613A101AB}.Debug|Any CPU.Build.0 = Debug|Any CPU
		{77BE0A83-2418-4300-8AE0-CE9613A101AB}.Debug|Any CPU.Deploy.0 = Debug|Any CPU
		{77BE0A83-2418-4300-8AE0-CE9613A101AB}.Debug|ARM.ActiveCfg = Debug|Any CPU
		{77BE0A83-2418-4300-8AE0-CE9613A101AB}.Debug|ARM.Build.0 = Debug|Any CPU
		{77BE0A83-2418-4300-8AE0-CE9613A101AB}.Debug|ARM.Deploy.0 = Debug|Any CPU
		{77BE0A83-2418-4300-8AE0-CE9613A101AB}.Debug|iPhone.ActiveCfg = Debug|Any CPU
		{77BE0A83-2418-4300-8AE0-CE9613A101AB}.Debug|iPhone.Build.0 = Debug|Any CPU
		{77BE0A83-2418-4300-8AE0-CE9613A101AB}.Debug|iPhone.Deploy.0 = Debug|Any CPU
		{77BE0A83-2418-4300-8AE0-CE9613A101AB}.Debug|iPhoneSimulator.ActiveCfg = Debug|Any CPU
		{77BE0A83-2418-4300-8AE0-CE9613A101AB}.Debug|iPhoneSimulator.Build.0 = Debug|Any CPU
		{77BE0A83-2418-4300-8AE0-CE9613A101AB}.Debug|iPhoneSimulator.Deploy.0 = Debug|Any CPU
		{77BE0A83-2418-4300-8AE0-CE9613A101AB}.Debug|x64.ActiveCfg = Debug|Any CPU
		{77BE0A83-2418-4300-8AE0-CE9613A101AB}.Debug|x64.Build.0 = Debug|Any CPU
		{77BE0A83-2418-4300-8AE0-CE9613A101AB}.Debug|x64.Deploy.0 = Debug|Any CPU
		{77BE0A83-2418-4300-8AE0-CE9613A101AB}.Debug|x86.ActiveCfg = Debug|Any CPU
		{77BE0A83-2418-4300-8AE0-CE9613A101AB}.Debug|x86.Build.0 = Debug|Any CPU
		{77BE0A83-2418-4300-8AE0-CE9613A101AB}.Debug|x86.Deploy.0 = Debug|Any CPU
		{77BE0A83-2418-4300-8AE0-CE9613A101AB}.Release|Any CPU.ActiveCfg = Release|Any CPU
		{77BE0A83-2418-4300-8AE0-CE9613A101AB}.Release|Any CPU.Build.0 = Release|Any CPU
		{77BE0A83-2418-4300-8AE0-CE9613A101AB}.Release|Any CPU.Deploy.0 = Release|Any CPU
		{77BE0A83-2418-4300-8AE0-CE9613A101AB}.Release|ARM.ActiveCfg = Release|Any CPU
		{77BE0A83-2418-4300-8AE0-CE9613A101AB}.Release|ARM.Build.0 = Release|Any CPU
		{77BE0A83-2418-4300-8AE0-CE9613A101AB}.Release|ARM.Deploy.0 = Release|Any CPU
		{77BE0A83-2418-4300-8AE0-CE9613A101AB}.Release|iPhone.ActiveCfg = Release|Any CPU
		{77BE0A83-2418-4300-8AE0-CE9613A101AB}.Release|iPhone.Build.0 = Release|Any CPU
		{77BE0A83-2418-4300-8AE0-CE9613A101AB}.Release|iPhone.Deploy.0 = Release|Any CPU
		{77BE0A83-2418-4300-8AE0-CE9613A101AB}.Release|iPhoneSimulator.ActiveCfg = Release|Any CPU
		{77BE0A83-2418-4300-8AE0-CE9613A101AB}.Release|iPhoneSimulator.Build.0 = Release|Any CPU
		{77BE0A83-2418-4300-8AE0-CE9613A101AB}.Release|iPhoneSimulator.Deploy.0 = Release|Any CPU
		{77BE0A83-2418-4300-8AE0-CE9613A101AB}.Release|x64.ActiveCfg = Release|Any CPU
		{77BE0A83-2418-4300-8AE0-CE9613A101AB}.Release|x64.Build.0 = Release|Any CPU
		{77BE0A83-2418-4300-8AE0-CE9613A101AB}.Release|x64.Deploy.0 = Release|Any CPU
		{77BE0A83-2418-4300-8AE0-CE9613A101AB}.Release|x86.ActiveCfg = Release|Any CPU
		{77BE0A83-2418-4300-8AE0-CE9613A101AB}.Release|x86.Build.0 = Release|Any CPU
		{77BE0A83-2418-4300-8AE0-CE9613A101AB}.Release|x86.Deploy.0 = Release|Any CPU
		{8F3BB4E5-5961-4427-80C6-98B7D75EB77A}.Debug|Any CPU.ActiveCfg = Debug|iPhoneSimulator
		{8F3BB4E5-5961-4427-80C6-98B7D75EB77A}.Debug|Any CPU.Build.0 = Debug|iPhoneSimulator
		{8F3BB4E5-5961-4427-80C6-98B7D75EB77A}.Debug|Any CPU.Deploy.0 = Debug|iPhoneSimulator
		{8F3BB4E5-5961-4427-80C6-98B7D75EB77A}.Debug|ARM.ActiveCfg = Debug|iPhone
		{8F3BB4E5-5961-4427-80C6-98B7D75EB77A}.Debug|ARM.Build.0 = Debug|iPhone
		{8F3BB4E5-5961-4427-80C6-98B7D75EB77A}.Debug|ARM.Deploy.0 = Debug|iPhone
		{8F3BB4E5-5961-4427-80C6-98B7D75EB77A}.Debug|iPhone.ActiveCfg = Debug|iPhone
		{8F3BB4E5-5961-4427-80C6-98B7D75EB77A}.Debug|iPhone.Build.0 = Debug|iPhone
		{8F3BB4E5-5961-4427-80C6-98B7D75EB77A}.Debug|iPhone.Deploy.0 = Debug|iPhone
		{8F3BB4E5-5961-4427-80C6-98B7D75EB77A}.Debug|iPhoneSimulator.ActiveCfg = Debug|iPhoneSimulator
		{8F3BB4E5-5961-4427-80C6-98B7D75EB77A}.Debug|iPhoneSimulator.Build.0 = Debug|iPhoneSimulator
		{8F3BB4E5-5961-4427-80C6-98B7D75EB77A}.Debug|iPhoneSimulator.Deploy.0 = Debug|iPhoneSimulator
		{8F3BB4E5-5961-4427-80C6-98B7D75EB77A}.Debug|x64.ActiveCfg = Debug|iPhoneSimulator
		{8F3BB4E5-5961-4427-80C6-98B7D75EB77A}.Debug|x64.Build.0 = Debug|iPhoneSimulator
		{8F3BB4E5-5961-4427-80C6-98B7D75EB77A}.Debug|x64.Deploy.0 = Debug|iPhoneSimulator
		{8F3BB4E5-5961-4427-80C6-98B7D75EB77A}.Debug|x86.ActiveCfg = Debug|iPhoneSimulator
		{8F3BB4E5-5961-4427-80C6-98B7D75EB77A}.Debug|x86.Build.0 = Debug|iPhoneSimulator
		{8F3BB4E5-5961-4427-80C6-98B7D75EB77A}.Debug|x86.Deploy.0 = Debug|iPhoneSimulator
		{8F3BB4E5-5961-4427-80C6-98B7D75EB77A}.Release|Any CPU.ActiveCfg = Release|iPhoneSimulator
		{8F3BB4E5-5961-4427-80C6-98B7D75EB77A}.Release|Any CPU.Build.0 = Release|iPhoneSimulator
		{8F3BB4E5-5961-4427-80C6-98B7D75EB77A}.Release|Any CPU.Deploy.0 = Release|iPhoneSimulator
		{8F3BB4E5-5961-4427-80C6-98B7D75EB77A}.Release|ARM.ActiveCfg = Release|iPhoneSimulator
		{8F3BB4E5-5961-4427-80C6-98B7D75EB77A}.Release|ARM.Build.0 = Release|iPhoneSimulator
		{8F3BB4E5-5961-4427-80C6-98B7D75EB77A}.Release|ARM.Deploy.0 = Release|iPhoneSimulator
		{8F3BB4E5-5961-4427-80C6-98B7D75EB77A}.Release|iPhone.ActiveCfg = Release|iPhone
		{8F3BB4E5-5961-4427-80C6-98B7D75EB77A}.Release|iPhone.Build.0 = Release|iPhone
		{8F3BB4E5-5961-4427-80C6-98B7D75EB77A}.Release|iPhone.Deploy.0 = Release|iPhone
		{8F3BB4E5-5961-4427-80C6-98B7D75EB77A}.Release|iPhoneSimulator.ActiveCfg = Release|iPhoneSimulator
		{8F3BB4E5-5961-4427-80C6-98B7D75EB77A}.Release|iPhoneSimulator.Build.0 = Release|iPhoneSimulator
		{8F3BB4E5-5961-4427-80C6-98B7D75EB77A}.Release|iPhoneSimulator.Deploy.0 = Release|iPhoneSimulator
		{8F3BB4E5-5961-4427-80C6-98B7D75EB77A}.Release|x64.ActiveCfg = Release|iPhoneSimulator
		{8F3BB4E5-5961-4427-80C6-98B7D75EB77A}.Release|x64.Build.0 = Release|iPhoneSimulator
		{8F3BB4E5-5961-4427-80C6-98B7D75EB77A}.Release|x64.Deploy.0 = Release|iPhoneSimulator
		{8F3BB4E5-5961-4427-80C6-98B7D75EB77A}.Release|x86.ActiveCfg = Release|iPhoneSimulator
		{8F3BB4E5-5961-4427-80C6-98B7D75EB77A}.Release|x86.Build.0 = Release|iPhoneSimulator
		{8F3BB4E5-5961-4427-80C6-98B7D75EB77A}.Release|x86.Deploy.0 = Release|iPhoneSimulator
		{628D7BBE-7A21-4193-97A5-F7A874C84499}.Debug|Any CPU.ActiveCfg = Debug|Any CPU
		{628D7BBE-7A21-4193-97A5-F7A874C84499}.Debug|Any CPU.Build.0 = Debug|Any CPU
		{628D7BBE-7A21-4193-97A5-F7A874C84499}.Debug|Any CPU.Deploy.0 = Debug|Any CPU
		{628D7BBE-7A21-4193-97A5-F7A874C84499}.Debug|ARM.ActiveCfg = Debug|Any CPU
		{628D7BBE-7A21-4193-97A5-F7A874C84499}.Debug|ARM.Build.0 = Debug|Any CPU
		{628D7BBE-7A21-4193-97A5-F7A874C84499}.Debug|ARM.Deploy.0 = Debug|Any CPU
		{628D7BBE-7A21-4193-97A5-F7A874C84499}.Debug|iPhone.ActiveCfg = Debug|Any CPU
		{628D7BBE-7A21-4193-97A5-F7A874C84499}.Debug|iPhone.Build.0 = Debug|Any CPU
		{628D7BBE-7A21-4193-97A5-F7A874C84499}.Debug|iPhone.Deploy.0 = Debug|Any CPU
		{628D7BBE-7A21-4193-97A5-F7A874C84499}.Debug|iPhoneSimulator.ActiveCfg = Debug|Any CPU
		{628D7BBE-7A21-4193-97A5-F7A874C84499}.Debug|iPhoneSimulator.Build.0 = Debug|Any CPU
		{628D7BBE-7A21-4193-97A5-F7A874C84499}.Debug|iPhoneSimulator.Deploy.0 = Debug|Any CPU
		{628D7BBE-7A21-4193-97A5-F7A874C84499}.Debug|x64.ActiveCfg = Debug|Any CPU
		{628D7BBE-7A21-4193-97A5-F7A874C84499}.Debug|x64.Build.0 = Debug|Any CPU
		{628D7BBE-7A21-4193-97A5-F7A874C84499}.Debug|x64.Deploy.0 = Debug|Any CPU
		{628D7BBE-7A21-4193-97A5-F7A874C84499}.Debug|x86.ActiveCfg = Debug|Any CPU
		{628D7BBE-7A21-4193-97A5-F7A874C84499}.Debug|x86.Build.0 = Debug|Any CPU
		{628D7BBE-7A21-4193-97A5-F7A874C84499}.Debug|x86.Deploy.0 = Debug|Any CPU
		{628D7BBE-7A21-4193-97A5-F7A874C84499}.Release|Any CPU.ActiveCfg = Release|Any CPU
		{628D7BBE-7A21-4193-97A5-F7A874C84499}.Release|Any CPU.Build.0 = Release|Any CPU
		{628D7BBE-7A21-4193-97A5-F7A874C84499}.Release|Any CPU.Deploy.0 = Release|Any CPU
		{628D7BBE-7A21-4193-97A5-F7A874C84499}.Release|ARM.ActiveCfg = Release|Any CPU
		{628D7BBE-7A21-4193-97A5-F7A874C84499}.Release|ARM.Build.0 = Release|Any CPU
		{628D7BBE-7A21-4193-97A5-F7A874C84499}.Release|ARM.Deploy.0 = Release|Any CPU
		{628D7BBE-7A21-4193-97A5-F7A874C84499}.Release|iPhone.ActiveCfg = Release|Any CPU
		{628D7BBE-7A21-4193-97A5-F7A874C84499}.Release|iPhone.Build.0 = Release|Any CPU
		{628D7BBE-7A21-4193-97A5-F7A874C84499}.Release|iPhone.Deploy.0 = Release|Any CPU
		{628D7BBE-7A21-4193-97A5-F7A874C84499}.Release|iPhoneSimulator.ActiveCfg = Release|Any CPU
		{628D7BBE-7A21-4193-97A5-F7A874C84499}.Release|iPhoneSimulator.Build.0 = Release|Any CPU
		{628D7BBE-7A21-4193-97A5-F7A874C84499}.Release|iPhoneSimulator.Deploy.0 = Release|Any CPU
		{628D7BBE-7A21-4193-97A5-F7A874C84499}.Release|x64.ActiveCfg = Release|Any CPU
		{628D7BBE-7A21-4193-97A5-F7A874C84499}.Release|x64.Build.0 = Release|Any CPU
		{628D7BBE-7A21-4193-97A5-F7A874C84499}.Release|x64.Deploy.0 = Release|Any CPU
		{628D7BBE-7A21-4193-97A5-F7A874C84499}.Release|x86.ActiveCfg = Release|Any CPU
		{628D7BBE-7A21-4193-97A5-F7A874C84499}.Release|x86.Build.0 = Release|Any CPU
		{628D7BBE-7A21-4193-97A5-F7A874C84499}.Release|x86.Deploy.0 = Release|Any CPU
	EndGlobalSection
	GlobalSection(SolutionProperties) = preSolution
		HideSolutionNode = FALSE
	EndGlobalSection
	GlobalSection(ExtensibilityGlobals) = postSolution
		SolutionGuid = {1A633B34-85FF-412F-B798-77B87C598A59}
	EndGlobalSection
EndGlobal
